
Microsoft Visual Studio Solution File, Format Version 12.00
# Visual Studio Version 17
VisualStudioVersion = 17.8.34525.116
MinimumVisualStudioVersion = 10.0.40219.1
Project("{8BC9CEB8-8B4A-11D0-8D11-00A0C91BC942}") = "charfdo", "charfdo\charfdo.vcxproj", "{C63CC810-CEB8-4CEF-893A-12F7D266B50B}"
EndProject
Project("{8BC9CEB8-8B4A-11D0-8D11-00A0C91BC942}") = "Test_FilterSample", "Test_FilterSample\Test_FilterSample.vcxproj", "{DBCACCBD-A140-4FF3-B70C-4F59C639E032}"
EndProject
Project("{8BC9CEB8-8B4A-11D0-8D11-00A0C91BC942}") = "FilterSample", "FilterSample\FilterSample.vcxproj", "{E6046F80-7CE2-4776-B46A-C852A2149D2F}"
EndProject
Project("{8BC9CEB8-8B4A-11D0-8D11-00A0C91BC942}") = "package", "package\package.vcxproj", "{F75FE984-0046-411E-8209-7D71CC8CF64D}"
EndProject
Global
	GlobalSection(SolutionConfigurationPlatforms) = preSolution
		Debug|ARM = Debug|ARM
		Debug|ARM64 = Debug|ARM64
		Debug|x64 = Debug|x64
		Debug|x86 = Debug|x86
		Release|ARM = Release|ARM
		Release|ARM64 = Release|ARM64
		Release|x64 = Release|x64
		Release|x86 = Release|x86
	EndGlobalSection
	GlobalSection(ProjectConfigurationPlatforms) = postSolution
		{C63CC810-CEB8-4CEF-893A-12F7D266B50B}.Debug|ARM.ActiveCfg = Debug|ARM
		{C63CC810-CEB8-4CEF-893A-12F7D266B50B}.Debug|ARM.Build.0 = Debug|ARM
		{C63CC810-CEB8-4CEF-893A-12F7D266B50B}.Debug|ARM.Deploy.0 = Debug|ARM
		{C63CC810-CEB8-4CEF-893A-12F7D266B50B}.Debug|ARM64.ActiveCfg = Debug|ARM64
		{C63CC810-CEB8-4CEF-893A-12F7D266B50B}.Debug|ARM64.Build.0 = Debug|ARM64
		{C63CC810-CEB8-4CEF-893A-12F7D266B50B}.Debug|ARM64.Deploy.0 = Debug|ARM64
		{C63CC810-CEB8-4CEF-893A-12F7D266B50B}.Debug|x64.ActiveCfg = Debug|x64
		{C63CC810-CEB8-4CEF-893A-12F7D266B50B}.Debug|x64.Build.0 = Debug|x64
		{C63CC810-CEB8-4CEF-893A-12F7D266B50B}.Debug|x64.Deploy.0 = Debug|x64
		{C63CC810-CEB8-4CEF-893A-12F7D266B50B}.Debug|x86.ActiveCfg = Debug|Win32
		{C63CC810-CEB8-4CEF-893A-12F7D266B50B}.Debug|x86.Build.0 = Debug|Win32
		{C63CC810-CEB8-4CEF-893A-12F7D266B50B}.Debug|x86.Deploy.0 = Debug|Win32
		{C63CC810-CEB8-4CEF-893A-12F7D266B50B}.Release|ARM.ActiveCfg = Release|ARM
		{C63CC810-CEB8-4CEF-893A-12F7D266B50B}.Release|ARM.Build.0 = Release|ARM
		{C63CC810-CEB8-4CEF-893A-12F7D266B50B}.Release|ARM.Deploy.0 = Release|ARM
		{C63CC810-CEB8-4CEF-893A-12F7D266B50B}.Release|ARM64.ActiveCfg = Release|ARM64
		{C63CC810-CEB8-4CEF-893A-12F7D266B50B}.Release|ARM64.Build.0 = Release|ARM64
		{C63CC810-CEB8-4CEF-893A-12F7D266B50B}.Release|ARM64.Deploy.0 = Release|ARM64
		{C63CC810-CEB8-4CEF-893A-12F7D266B50B}.Release|x64.ActiveCfg = Release|x64
		{C63CC810-CEB8-4CEF-893A-12F7D266B50B}.Release|x64.Build.0 = Release|x64
		{C63CC810-CEB8-4CEF-893A-12F7D266B50B}.Release|x64.Deploy.0 = Release|x64
		{C63CC810-CEB8-4CEF-893A-12F7D266B50B}.Release|x86.ActiveCfg = Release|Win32
		{C63CC810-CEB8-4CEF-893A-12F7D266B50B}.Release|x86.Build.0 = Release|Win32
		{C63CC810-CEB8-4CEF-893A-12F7D266B50B}.Release|x86.Deploy.0 = Release|Win32
		{DBCACCBD-A140-4FF3-B70C-4F59C639E032}.Debug|ARM.ActiveCfg = Debug|x64
		{DBCACCBD-A140-4FF3-B70C-4F59C639E032}.Debug|ARM.Build.0 = Debug|x64
		{DBCACCBD-A140-4FF3-B70C-4F59C639E032}.Debug|ARM64.ActiveCfg = Debug|x64
		{DBCACCBD-A140-4FF3-B70C-4F59C639E032}.Debug|ARM64.Build.0 = Debug|x64
		{DBCACCBD-A140-4FF3-B70C-4F59C639E032}.Debug|x64.ActiveCfg = Debug|x64
		{DBCACCBD-A140-4FF3-B70C-4F59C639E032}.Debug|x64.Build.0 = Debug|x64
		{DBCACCBD-A140-4FF3-B70C-4F59C639E032}.Debug|x86.ActiveCfg = Debug|Win32
		{DBCACCBD-A140-4FF3-B70C-4F59C639E032}.Debug|x86.Build.0 = Debug|Win32
		{DBCACCBD-A140-4FF3-B70C-4F59C639E032}.Release|ARM.ActiveCfg = Release|x64
		{DBCACCBD-A140-4FF3-B70C-4F59C639E032}.Release|ARM.Build.0 = Release|x64
		{DBCACCBD-A140-4FF3-B70C-4F59C639E032}.Release|ARM64.ActiveCfg = Release|x64
		{DBCACCBD-A140-4FF3-B70C-4F59C639E032}.Release|ARM64.Build.0 = Release|x64
		{DBCACCBD-A140-4FF3-B70C-4F59C639E032}.Release|x64.ActiveCfg = Release|x64
		{DBCACCBD-A140-4FF3-B70C-4F59C639E032}.Release|x64.Build.0 = Release|x64
		{DBCACCBD-A140-4FF3-B70C-4F59C639E032}.Release|x86.ActiveCfg = Release|Win32
		{DBCACCBD-A140-4FF3-B70C-4F59C639E032}.Release|x86.Build.0 = Release|Win32
		{E6046F80-7CE2-4776-B46A-C852A2149D2F}.Debug|ARM.ActiveCfg = Debug|x64
		{E6046F80-7CE2-4776-B46A-C852A2149D2F}.Debug|ARM.Build.0 = Debug|x64
		{E6046F80-7CE2-4776-B46A-C852A2149D2F}.Debug|ARM.Deploy.0 = Debug|x64
		{E6046F80-7CE2-4776-B46A-C852A2149D2F}.Debug|ARM64.ActiveCfg = Debug|ARM64
		{E6046F80-7CE2-4776-B46A-C852A2149D2F}.Debug|ARM64.Build.0 = Debug|ARM64
		{E6046F80-7CE2-4776-B46A-C852A2149D2F}.Debug|ARM64.Deploy.0 = Debug|ARM64
		{E6046F80-7CE2-4776-B46A-C852A2149D2F}.Debug|x64.ActiveCfg = Debug|x64
		{E6046F80-7CE2-4776-B46A-C852A2149D2F}.Debug|x64.Build.0 = Debug|x64
		{E6046F80-7CE2-4776-B46A-C852A2149D2F}.Debug|x64.Deploy.0 = Debug|x64
		{E6046F80-7CE2-4776-B46A-C852A2149D2F}.Debug|x86.ActiveCfg = Debug|x64
		{E6046F80-7CE2-4776-B46A-C852A2149D2F}.Debug|x86.Build.0 = Debug|x64
		{E6046F80-7CE2-4776-B46A-C852A2149D2F}.Debug|x86.Deploy.0 = Debug|x64
		{E6046F80-7CE2-4776-B46A-C852A2149D2F}.Release|ARM.ActiveCfg = Release|x64
		{E6046F80-7CE2-4776-B46A-C852A2149D2F}.Release|ARM.Build.0 = Release|x64
		{E6046F80-7CE2-4776-B46A-C852A2149D2F}.Release|ARM.Deploy.0 = Release|x64
		{E6046F80-7CE2-4776-B46A-C852A2149D2F}.Release|ARM64.ActiveCfg = Release|ARM64
		{E6046F80-7CE2-4776-B46A-C852A2149D2F}.Release|ARM64.Build.0 = Release|ARM64
		{E6046F80-7CE2-4776-B46A-C852A2149D2F}.Release|ARM64.Deploy.0 = Release|ARM64
		{E6046F80-7CE2-4776-B46A-C852A2149D2F}.Release|x64.ActiveCfg = Release|x64
		{E6046F80-7CE2-4776-B46A-C852A2149D2F}.Release|x64.Build.0 = Release|x64
		{E6046F80-7CE2-4776-B46A-C852A2149D2F}.Release|x64.Deploy.0 = Release|x64
		{E6046F80-7CE2-4776-B46A-C852A2149D2F}.Release|x86.ActiveCfg = Release|x64
		{E6046F80-7CE2-4776-B46A-C852A2149D2F}.Release|x86.Build.0 = Release|x64
		{E6046F80-7CE2-4776-B46A-C852A2149D2F}.Release|x86.Deploy.0 = Release|x64
		{F75FE984-0046-411E-8209-7D71CC8CF64D}.Debug|ARM.ActiveCfg = Debug|x64
		{F75FE984-0046-411E-8209-7D71CC8CF64D}.Debug|ARM.Build.0 = Debug|x64
		{F75FE984-0046-411E-8209-7D71CC8CF64D}.Debug|ARM.Deploy.0 = Debug|x64
		{F75FE984-0046-411E-8209-7D71CC8CF64D}.Debug|ARM64.ActiveCfg = Debug|ARM64
		{F75FE984-0046-411E-8209-7D71CC8CF64D}.Debug|ARM64.Build.0 = Debug|ARM64
		{F75FE984-0046-411E-8209-7D71CC8CF64D}.Debug|ARM64.Deploy.0 = Debug|ARM64
		{F75FE984-0046-411E-8209-7D71CC8CF64D}.Debug|x64.ActiveCfg = Debug|x64
		{F75FE984-0046-411E-8209-7D71CC8CF64D}.Debug|x64.Build.0 = Debug|x64
		{F75FE984-0046-411E-8209-7D71CC8CF64D}.Debug|x64.Deploy.0 = Debug|x64
		{F75FE984-0046-411E-8209-7D71CC8CF64D}.Debug|x86.ActiveCfg = Debug|x64
		{F75FE984-0046-411E-8209-7D71CC8CF64D}.Debug|x86.Build.0 = Debug|x64
		{F75FE984-0046-411E-8209-7D71CC8CF64D}.Debug|x86.Deploy.0 = Debug|x64
		{F75FE984-0046-411E-8209-7D71CC8CF64D}.Release|ARM.ActiveCfg = Release|x64
		{F75FE984-0046-411E-8209-7D71CC8CF64D}.Release|ARM.Build.0 = Release|x64
		{F75FE984-0046-411E-8209-7D71CC8CF64D}.Release|ARM.Deploy.0 = Release|x64
		{F75FE984-0046-411E-8209-7D71CC8CF64D}.Release|ARM64.ActiveCfg = Release|ARM64
		{F75FE984-0046-411E-8209-7D71CC8CF64D}.Release|ARM64.Build.0 = Release|ARM64
		{F75FE984-0046-411E-8209-7D71CC8CF64D}.Release|ARM64.Deploy.0 = Release|ARM64
		{F75FE984-0046-411E-8209-7D71CC8CF64D}.Release|x64.ActiveCfg = Release|x64
		{F75FE984-0046-411E-8209-7D71CC8CF64D}.Release|x64.Build.0 = Release|x64
		{F75FE984-0046-411E-8209-7D71CC8CF64D}.Release|x64.Deploy.0 = Release|x64
		{F75FE984-0046-411E-8209-7D71CC8CF64D}.Release|x86.ActiveCfg = Release|x64
		{F75FE984-0046-411E-8209-7D71CC8CF64D}.Release|x86.Build.0 = Release|x64
		{F75FE984-0046-411E-8209-7D71CC8CF64D}.Release|x86.Deploy.0 = Release|x64
	EndGlobalSection
	GlobalSection(SolutionProperties) = preSolution
		HideSolutionNode = FALSE
	EndGlobalSection
	GlobalSection(ExtensibilityGlobals) = postSolution
		SolutionGuid = {75C233B7-03B4-4344-A087-EDD9A7C6EE16}
	EndGlobalSection
EndGlobal
